
Microsoft Visual Studio Solution File, Format Version 12.00
# Visual Studio Version 16
VisualStudioVersion = 16.0.30804.86
MinimumVisualStudioVersion = 10.0.40219.1
Project("{FAE04EC0-301F-11D3-BF4B-00C04F79EFBC}") = "KeyGeneration", "FairCryptosystem\KeyGeneration.csproj", "{1F5A851B-2742-4761-B3B3-8F224CCF7688}"
EndProject
Project("{FAE04EC0-301F-11D3-BF4B-00C04F79EFBC}") = "KeyRestoration", "KeyRestoration\KeyRestoration.csproj", "{4DF78BEB-39CF-48C9-97D3-DF3AC21AA1AD}"
EndProject
Project("{FAE04EC0-301F-11D3-BF4B-00C04F79EFBC}") = "DigitalSignatureGOST", "DigitalSignatureGOST\DigitalSignatureGOST.csproj", "{229F7C7D-6C77-45BE-831E-EDBC7ABF0B8E}"
EndProject
Global
	GlobalSection(SolutionConfigurationPlatforms) = preSolution
		Debug|Any CPU = Debug|Any CPU
		Release|Any CPU = Release|Any CPU
	EndGlobalSection
	GlobalSection(ProjectConfigurationPlatforms) = postSolution
		{1F5A851B-2742-4761-B3B3-8F224CCF7688}.Debug|Any CPU.ActiveCfg = Debug|Any CPU
		{1F5A851B-2742-4761-B3B3-8F224CCF7688}.Debug|Any CPU.Build.0 = Debug|Any CPU
		{1F5A851B-2742-4761-B3B3-8F224CCF7688}.Release|Any CPU.ActiveCfg = Release|Any CPU
		{1F5A851B-2742-4761-B3B3-8F224CCF7688}.Release|Any CPU.Build.0 = Release|Any CPU
		{4DF78BEB-39CF-48C9-97D3-DF3AC21AA1AD}.Debug|Any CPU.ActiveCfg = Debug|Any CPU
		{4DF78BEB-39CF-48C9-97D3-DF3AC21AA1AD}.Debug|Any CPU.Build.0 = Debug|Any CPU
		{4DF78BEB-39CF-48C9-97D3-DF3AC21AA1AD}.Release|Any CPU.ActiveCfg = Release|Any CPU
		{4DF78BEB-39CF-48C9-97D3-DF3AC21AA1AD}.Release|Any CPU.Build.0 = Release|Any CPU
		{229F7C7D-6C77-45BE-831E-EDBC7ABF0B8E}.Debug|Any CPU.ActiveCfg = Debug|Any CPU
		{229F7C7D-6C77-45BE-831E-EDBC7ABF0B8E}.Debug|Any CPU.Build.0 = Debug|Any CPU
		{229F7C7D-6C77-45BE-831E-EDBC7ABF0B8E}.Release|Any CPU.ActiveCfg = Release|Any CPU
		{229F7C7D-6C77-45BE-831E-EDBC7ABF0B8E}.Release|Any CPU.Build.0 = Release|Any CPU
	EndGlobalSection
	GlobalSection(SolutionProperties) = preSolution
		HideSolutionNode = FALSE
	EndGlobalSection
	GlobalSection(ExtensibilityGlobals) = postSolution
		SolutionGuid = {6B2E8ADF-FF93-4BD9-9E25-69CD0A1797E9}
	EndGlobalSection
EndGlobal
